
Microsoft Visual Studio Solution File, Format Version 12.00
# Visual Studio Version 17
VisualStudioVersion = 17.1.32210.238
MinimumVisualStudioVersion = 10.0.40219.1
Project("{FAE04EC0-301F-11D3-BF4B-00C04F79EFBC}") = "Snake_And_Ladder_Game", "Snake_And_Ladder_Game\Snake_And_Ladder_Game.csproj", "{AB62A391-F2AF-4FD8-A36C-907B12027D4E}"
EndProject
Global
	GlobalSection(SolutionConfigurationPlatforms) = preSolution
		Debug|Any CPU = Debug|Any CPU
		Release|Any CPU = Release|Any CPU
	EndGlobalSection
	GlobalSection(ProjectConfigurationPlatforms) = postSolution
		{AB62A391-F2AF-4FD8-A36C-907B12027D4E}.Debug|Any CPU.ActiveCfg = Debug|Any CPU
		{AB62A391-F2AF-4FD8-A36C-907B12027D4E}.Debug|Any CPU.Build.0 = Debug|Any CPU
		{AB62A391-F2AF-4FD8-A36C-907B12027D4E}.Release|Any CPU.ActiveCfg = Release|Any CPU
		{AB62A391-F2AF-4FD8-A36C-907B12027D4E}.Release|Any CPU.Build.0 = Release|Any CPU
	EndGlobalSection
	GlobalSection(SolutionProperties) = preSolution
		HideSolutionNode = FALSE
	EndGlobalSection
	GlobalSection(ExtensibilityGlobals) = postSolution
		SolutionGuid = {2626EE8E-7CE0-4C29-8864-3F6FA4CADC54}
	EndGlobalSection
EndGlobal
